
Microsoft Visual Studio Solution File, Format Version 12.00
# Visual Studio 15
VisualStudioVersion = 15.0.27428.2015
MinimumVisualStudioVersion = 10.0.40219.1
Project("{FAE04EC0-301F-11D3-BF4B-00C04F79EFBC}") = "OpenMovement.AxLE.Setup", "OpenMovement.AxLE.Setup\OpenMovement.AxLE.Setup.csproj", "{92C4F882-4C71-46B2-B59B-519675055C24}"
EndProject
Project("{FAE04EC0-301F-11D3-BF4B-00C04F79EFBC}") = "OpenMovement.AxLE.Service", "OpenMovement.AxLE.Comms\OpenMovement.AxLE.Service\OpenMovement.AxLE.Service.csproj", "{A868F8B1-9DD1-4863-9D63-F819B3C7F591}"
EndProject
Project("{FAE04EC0-301F-11D3-BF4B-00C04F79EFBC}") = "OpenMovement.AxLE.Comms", "OpenMovement.AxLE.Comms\OpenMovement.AxLE.Comms\OpenMovement.AxLE.Comms.csproj", "{2EE55778-21BC-498E-9CF3-3F3D8908E8FF}"
EndProject
Project("{D954291E-2A0B-460D-934E-DC6B0785DB48}") = "OpenMovement.AxLE.Comms.Bluetooth.Windows", "OpenMovement.AxLE.Comms\OpenMovement.AxLE.Comms.Bluetooth.Windows\OpenMovement.AxLE.Comms.Bluetooth.Windows.shproj", "{AC27C4E0-58DC-4F23-861A-DD25FE8634AB}"
EndProject
Global
	GlobalSection(SolutionConfigurationPlatforms) = preSolution
		Debug|Any CPU = Debug|Any CPU
		Release|Any CPU = Release|Any CPU
	EndGlobalSection
	GlobalSection(ProjectConfigurationPlatforms) = postSolution
		{92C4F882-4C71-46B2-B59B-519675055C24}.Debug|Any CPU.ActiveCfg = Debug|Any CPU
		{92C4F882-4C71-46B2-B59B-519675055C24}.Debug|Any CPU.Build.0 = Debug|Any CPU
		{92C4F882-4C71-46B2-B59B-519675055C24}.Release|Any CPU.ActiveCfg = Release|Any CPU
		{92C4F882-4C71-46B2-B59B-519675055C24}.Release|Any CPU.Build.0 = Release|Any CPU
		{A868F8B1-9DD1-4863-9D63-F819B3C7F591}.Debug|Any CPU.ActiveCfg = Debug|Any CPU
		{A868F8B1-9DD1-4863-9D63-F819B3C7F591}.Debug|Any CPU.Build.0 = Debug|Any CPU
		{A868F8B1-9DD1-4863-9D63-F819B3C7F591}.Release|Any CPU.ActiveCfg = Release|Any CPU
		{A868F8B1-9DD1-4863-9D63-F819B3C7F591}.Release|Any CPU.Build.0 = Release|Any CPU
		{2EE55778-21BC-498E-9CF3-3F3D8908E8FF}.Debug|Any CPU.ActiveCfg = Debug|Any CPU
		{2EE55778-21BC-498E-9CF3-3F3D8908E8FF}.Debug|Any CPU.Build.0 = Debug|Any CPU
		{2EE55778-21BC-498E-9CF3-3F3D8908E8FF}.Release|Any CPU.ActiveCfg = Release|Any CPU
		{2EE55778-21BC-498E-9CF3-3F3D8908E8FF}.Release|Any CPU.Build.0 = Release|Any CPU
	EndGlobalSection
	GlobalSection(SolutionProperties) = preSolution
		HideSolutionNode = FALSE
	EndGlobalSection
	GlobalSection(ExtensibilityGlobals) = postSolution
		SolutionGuid = {DE56442C-71E1-4246-B62E-37FFCDE778D7}
	EndGlobalSection
EndGlobal
